
Microsoft Visual Studio Solution File, Format Version 12.00
# Visual Studio Version 16
VisualStudioVersion = 16.0.32901.82
MinimumVisualStudioVersion = 10.0.40219.1
Project("{FAE04EC0-301F-11D3-BF4B-00C04F79EFBC}") = "Lab3-6_NguyenChiHai", "Lab3-6_NguyenChiHai\Lab3-6_NguyenChiHai.csproj", "{6E4C8C54-32EF-4268-A8CA-99A58DD2E702}"
EndProject
Global
	GlobalSection(SolutionConfigurationPlatforms) = preSolution
		Debug|Any CPU = Debug|Any CPU
		Release|Any CPU = Release|Any CPU
	EndGlobalSection
	GlobalSection(ProjectConfigurationPlatforms) = postSolution
		{6E4C8C54-32EF-4268-A8CA-99A58DD2E702}.Debug|Any CPU.ActiveCfg = Debug|Any CPU
		{6E4C8C54-32EF-4268-A8CA-99A58DD2E702}.Debug|Any CPU.Build.0 = Debug|Any CPU
		{6E4C8C54-32EF-4268-A8CA-99A58DD2E702}.Release|Any CPU.ActiveCfg = Release|Any CPU
		{6E4C8C54-32EF-4268-A8CA-99A58DD2E702}.Release|Any CPU.Build.0 = Release|Any CPU
	EndGlobalSection
	GlobalSection(SolutionProperties) = preSolution
		HideSolutionNode = FALSE
	EndGlobalSection
	GlobalSection(ExtensibilityGlobals) = postSolution
		SolutionGuid = {F4B3C199-AC46-4DE8-BBA9-EC39EFF06618}
	EndGlobalSection
EndGlobal
